
Microsoft Visual Studio Solution File, Format Version 12.00
# Visual Studio Version 17
VisualStudioVersion = 17.4.33213.308
MinimumVisualStudioVersion = 10.0.40219.1
Project("{2150E333-8FDC-42A3-9474-1A3956D46DE8}") = "1.Presentation", "1.Presentation", "{D9DE2678-46D8-4B09-A69D-4B787DFFEF3D}"
EndProject
Project("{FAE04EC0-301F-11D3-BF4B-00C04F79EFBC}") = "MinhaAPI.API", "MinhaAPI.API\MinhaAPI.API.csproj", "{27F36734-F39D-4E23-AEAE-08BCFF641E35}"
EndProject
Project("{2150E333-8FDC-42A3-9474-1A3956D46DE8}") = "2.Application", "2.Application", "{7309961F-90C2-48B1-86E9-AFCE53988648}"
EndProject
Project("{2150E333-8FDC-42A3-9474-1A3956D46DE8}") = "3.Domain", "3.Domain", "{438A0E77-2AF8-4D59-A526-6D618EB6DC55}"
EndProject
Project("{2150E333-8FDC-42A3-9474-1A3956D46DE8}") = "4.Infrastructure", "4.Infrastructure", "{CF013A79-4B64-4B89-AD6C-3CD644CE1671}"
EndProject
Project("{FAE04EC0-301F-11D3-BF4B-00C04F79EFBC}") = "MinhaAPI.Application", "MinhaAPI.Application\MinhaAPI.Application.csproj", "{C5ECCB63-3A2C-4762-9AF4-557BC858DADE}"
EndProject
Project("{FAE04EC0-301F-11D3-BF4B-00C04F79EFBC}") = "MinhaAPI.Domain", "MinhaAPI.Domain\MinhaAPI.Domain.csproj", "{FD43AC34-C6A7-44A9-A8BF-FBD43F639E18}"
EndProject
Project("{FAE04EC0-301F-11D3-BF4B-00C04F79EFBC}") = "MinhaAPI.Domain.Core", "MinhaAPI.Domain.Core\MinhaAPI.Domain.Core.csproj", "{F5132BE8-B34F-4206-ADDA-05CF091010E1}"
EndProject
Project("{FAE04EC0-301F-11D3-BF4B-00C04F79EFBC}") = "MinhaAPI.Domain.Service", "MinhaAPI.Domain.Service\MinhaAPI.Domain.Service.csproj", "{752C54DB-B9F2-4591-99AE-CC3B95E4412D}"
EndProject
Project("{FAE04EC0-301F-11D3-BF4B-00C04F79EFBC}") = "MinhaAPI.Identity", "MinhaAPI.Identity\MinhaAPI.Identity.csproj", "{C903C976-EE37-4FE0-9875-F0AC2F52F594}"
EndProject
Project("{FAE04EC0-301F-11D3-BF4B-00C04F79EFBC}") = "MinhaAPI.Infrastructure", "MinhaAPI.Infrastructure\MinhaAPI.Infrastructure.csproj", "{AB1896B7-1541-4328-91FC-A116356DD753}"
	ProjectSection(ProjectDependencies) = postProject
		{752C54DB-B9F2-4591-99AE-CC3B95E4412D} = {752C54DB-B9F2-4591-99AE-CC3B95E4412D}
		{C5ECCB63-3A2C-4762-9AF4-557BC858DADE} = {C5ECCB63-3A2C-4762-9AF4-557BC858DADE}
		{F5132BE8-B34F-4206-ADDA-05CF091010E1} = {F5132BE8-B34F-4206-ADDA-05CF091010E1}
		{FD43AC34-C6A7-44A9-A8BF-FBD43F639E18} = {FD43AC34-C6A7-44A9-A8BF-FBD43F639E18}
	EndProjectSection
EndProject
Global
	GlobalSection(SolutionConfigurationPlatforms) = preSolution
		Debug|Any CPU = Debug|Any CPU
		Release|Any CPU = Release|Any CPU
	EndGlobalSection
	GlobalSection(ProjectConfigurationPlatforms) = postSolution
		{27F36734-F39D-4E23-AEAE-08BCFF641E35}.Debug|Any CPU.ActiveCfg = Debug|Any CPU
		{27F36734-F39D-4E23-AEAE-08BCFF641E35}.Debug|Any CPU.Build.0 = Debug|Any CPU
		{27F36734-F39D-4E23-AEAE-08BCFF641E35}.Release|Any CPU.ActiveCfg = Release|Any CPU
		{27F36734-F39D-4E23-AEAE-08BCFF641E35}.Release|Any CPU.Build.0 = Release|Any CPU
		{C5ECCB63-3A2C-4762-9AF4-557BC858DADE}.Debug|Any CPU.ActiveCfg = Debug|Any CPU
		{C5ECCB63-3A2C-4762-9AF4-557BC858DADE}.Debug|Any CPU.Build.0 = Debug|Any CPU
		{C5ECCB63-3A2C-4762-9AF4-557BC858DADE}.Release|Any CPU.ActiveCfg = Release|Any CPU
		{C5ECCB63-3A2C-4762-9AF4-557BC858DADE}.Release|Any CPU.Build.0 = Release|Any CPU
		{FD43AC34-C6A7-44A9-A8BF-FBD43F639E18}.Debug|Any CPU.ActiveCfg = Debug|Any CPU
		{FD43AC34-C6A7-44A9-A8BF-FBD43F639E18}.Debug|Any CPU.Build.0 = Debug|Any CPU
		{FD43AC34-C6A7-44A9-A8BF-FBD43F639E18}.Release|Any CPU.ActiveCfg = Release|Any CPU
		{FD43AC34-C6A7-44A9-A8BF-FBD43F639E18}.Release|Any CPU.Build.0 = Release|Any CPU
		{F5132BE8-B34F-4206-ADDA-05CF091010E1}.Debug|Any CPU.ActiveCfg = Debug|Any CPU
		{F5132BE8-B34F-4206-ADDA-05CF091010E1}.Debug|Any CPU.Build.0 = Debug|Any CPU
		{F5132BE8-B34F-4206-ADDA-05CF091010E1}.Release|Any CPU.ActiveCfg = Release|Any CPU
		{F5132BE8-B34F-4206-ADDA-05CF091010E1}.Release|Any CPU.Build.0 = Release|Any CPU
		{752C54DB-B9F2-4591-99AE-CC3B95E4412D}.Debug|Any CPU.ActiveCfg = Debug|Any CPU
		{752C54DB-B9F2-4591-99AE-CC3B95E4412D}.Debug|Any CPU.Build.0 = Debug|Any CPU
		{752C54DB-B9F2-4591-99AE-CC3B95E4412D}.Release|Any CPU.ActiveCfg = Release|Any CPU
		{752C54DB-B9F2-4591-99AE-CC3B95E4412D}.Release|Any CPU.Build.0 = Release|Any CPU
		{C903C976-EE37-4FE0-9875-F0AC2F52F594}.Debug|Any CPU.ActiveCfg = Debug|Any CPU
		{C903C976-EE37-4FE0-9875-F0AC2F52F594}.Debug|Any CPU.Build.0 = Debug|Any CPU
		{C903C976-EE37-4FE0-9875-F0AC2F52F594}.Release|Any CPU.ActiveCfg = Release|Any CPU
		{C903C976-EE37-4FE0-9875-F0AC2F52F594}.Release|Any CPU.Build.0 = Release|Any CPU
		{AB1896B7-1541-4328-91FC-A116356DD753}.Debug|Any CPU.ActiveCfg = Debug|Any CPU
		{AB1896B7-1541-4328-91FC-A116356DD753}.Debug|Any CPU.Build.0 = Debug|Any CPU
		{AB1896B7-1541-4328-91FC-A116356DD753}.Release|Any CPU.ActiveCfg = Release|Any CPU
		{AB1896B7-1541-4328-91FC-A116356DD753}.Release|Any CPU.Build.0 = Release|Any CPU
	EndGlobalSection
	GlobalSection(SolutionProperties) = preSolution
		HideSolutionNode = FALSE
	EndGlobalSection
	GlobalSection(NestedProjects) = preSolution
		{27F36734-F39D-4E23-AEAE-08BCFF641E35} = {D9DE2678-46D8-4B09-A69D-4B787DFFEF3D}
		{C5ECCB63-3A2C-4762-9AF4-557BC858DADE} = {7309961F-90C2-48B1-86E9-AFCE53988648}
		{FD43AC34-C6A7-44A9-A8BF-FBD43F639E18} = {438A0E77-2AF8-4D59-A526-6D618EB6DC55}
		{F5132BE8-B34F-4206-ADDA-05CF091010E1} = {438A0E77-2AF8-4D59-A526-6D618EB6DC55}
		{752C54DB-B9F2-4591-99AE-CC3B95E4412D} = {438A0E77-2AF8-4D59-A526-6D618EB6DC55}
		{C903C976-EE37-4FE0-9875-F0AC2F52F594} = {CF013A79-4B64-4B89-AD6C-3CD644CE1671}
		{AB1896B7-1541-4328-91FC-A116356DD753} = {CF013A79-4B64-4B89-AD6C-3CD644CE1671}
	EndGlobalSection
	GlobalSection(ExtensibilityGlobals) = postSolution
		SolutionGuid = {3F19EBF6-62CD-4777-85DA-7F6C39F4481B}
	EndGlobalSection
EndGlobal
